// !$*UTF8*$!
{
	archiveVersion = 1;
	classes = {
	};
	objectVersion = 46;
	objects = {

/* Begin PBXBuildFile section */
		754F522C16DA922C00902FAF /* PaintingsController.m in Sources */ = {isa = PBXBuildFile; fileRef = 754F522B16DA922C00902FAF /* PaintingsController.m */; };
		754F522F16DA923800902FAF /* Painting.m in Sources */ = {isa = PBXBuildFile; fileRef = 754F522E16DA923800902FAF /* Painting.m */; };
		754F523516DAC19400902FAF /* PaintingsWindowController.m in Sources */ = {isa = PBXBuildFile; fileRef = 754F523316DAC19400902FAF /* PaintingsWindowController.m */; };
		754F523616DAC19400902FAF /* PaintingsWindowController.xib in Resources */ = {isa = PBXBuildFile; fileRef = 754F523416DAC19400902FAF /* PaintingsWindowController.xib */; };
		754F523916DAC42F00902FAF /* PaintingsView.m in Sources */ = {isa = PBXBuildFile; fileRef = 754F523816DAC42F00902FAF /* PaintingsView.m */; };
		7550F9CD16D6EA7200DFC764 /* CropController.m in Sources */ = {isa = PBXBuildFile; fileRef = 7550F9CB16D6EA7200DFC764 /* CropController.m */; };
		7550F9CE16D6EA7200DFC764 /* CropController.xib in Resources */ = {isa = PBXBuildFile; fileRef = 7550F9CC16D6EA7200DFC764 /* CropController.xib */; };
		7550F9D116D6EB0200DFC764 /* CropView.m in Sources */ = {isa = PBXBuildFile; fileRef = 7550F9D016D6EB0200DFC764 /* CropView.m */; };
		7550F9D316D6F05300DFC764 /* two.jpg in Resources */ = {isa = PBXBuildFile; fileRef = 7550F9D216D6F05300DFC764 /* two.jpg */; };
		755F423E16D9455300B38099 /* QuartzCore.framework in Frameworks */ = {isa = PBXBuildFile; fileRef = 755F423D16D9455300B38099 /* QuartzCore.framework */; };
		755F424016D9693400B38099 /* plus.png in Resources */ = {isa = PBXBuildFile; fileRef = 755F423F16D9693400B38099 /* plus.png */; };
		7566D22F16DAD82400A0516B /* kz.png in Resources */ = {isa = PBXBuildFile; fileRef = 7566D22E16DAD82400A0516B /* kz.png */; };
		7569B2AE16D6C814001B072E /* Cocoa.framework in Frameworks */ = {isa = PBXBuildFile; fileRef = 7569B2AD16D6C814001B072E /* Cocoa.framework */; };
		7569B2B816D6C814001B072E /* InfoPlist.strings in Resources */ = {isa = PBXBuildFile; fileRef = 7569B2B616D6C814001B072E /* InfoPlist.strings */; };
		7569B2BA16D6C814001B072E /* main.m in Sources */ = {isa = PBXBuildFile; fileRef = 7569B2B916D6C814001B072E /* main.m */; };
		7569B2BE16D6C814001B072E /* Credits.rtf in Resources */ = {isa = PBXBuildFile; fileRef = 7569B2BC16D6C814001B072E /* Credits.rtf */; };
		7569B2C116D6C814001B072E /* AppDelegate.m in Sources */ = {isa = PBXBuildFile; fileRef = 7569B2C016D6C814001B072E /* AppDelegate.m */; };
		7569B2C416D6C814001B072E /* MainMenu.xib in Resources */ = {isa = PBXBuildFile; fileRef = 7569B2C216D6C814001B072E /* MainMenu.xib */; };
/* End PBXBuildFile section */

/* Begin PBXFileReference section */
		754F522A16DA922C00902FAF /* PaintingsController.h */ = {isa = PBXFileReference; fileEncoding = 4; lastKnownFileType = sourcecode.c.h; path = PaintingsController.h; sourceTree = "<group>"; };
		754F522B16DA922C00902FAF /* PaintingsController.m */ = {isa = PBXFileReference; fileEncoding = 4; lastKnownFileType = sourcecode.c.objc; path = PaintingsController.m; sourceTree = "<group>"; };
		754F522D16DA923800902FAF /* Painting.h */ = {isa = PBXFileReference; fileEncoding = 4; lastKnownFileType = sourcecode.c.h; path = Painting.h; sourceTree = "<group>"; };
		754F522E16DA923800902FAF /* Painting.m */ = {isa = PBXFileReference; fileEncoding = 4; lastKnownFileType = sourcecode.c.objc; path = Painting.m; sourceTree = "<group>"; };
		754F523216DAC19400902FAF /* PaintingsWindowController.h */ = {isa = PBXFileReference; fileEncoding = 4; lastKnownFileType = sourcecode.c.h; path = PaintingsWindowController.h; sourceTree = "<group>"; };
		754F523316DAC19400902FAF /* PaintingsWindowController.m */ = {isa = PBXFileReference; fileEncoding = 4; lastKnownFileType = sourcecode.c.objc; path = PaintingsWindowController.m; sourceTree = "<group>"; };
		754F523416DAC19400902FAF /* PaintingsWindowController.xib */ = {isa = PBXFileReference; fileEncoding = 4; lastKnownFileType = file.xib; path = PaintingsWindowController.xib; sourceTree = "<group>"; };
		754F523716DAC42F00902FAF /* PaintingsView.h */ = {isa = PBXFileReference; fileEncoding = 4; lastKnownFileType = sourcecode.c.h; path = PaintingsView.h; sourceTree = "<group>"; };
		754F523816DAC42F00902FAF /* PaintingsView.m */ = {isa = PBXFileReference; fileEncoding = 4; lastKnownFileType = sourcecode.c.objc; path = PaintingsView.m; sourceTree = "<group>"; };
		7550F9CA16D6EA7200DFC764 /* CropController.h */ = {isa = PBXFileReference; fileEncoding = 4; lastKnownFileType = sourcecode.c.h; path = CropController.h; sourceTree = "<group>"; };
		7550F9CB16D6EA7200DFC764 /* CropController.m */ = {isa = PBXFileReference; fileEncoding = 4; lastKnownFileType = sourcecode.c.objc; path = CropController.m; sourceTree = "<group>"; };
		7550F9CC16D6EA7200DFC764 /* CropController.xib */ = {isa = PBXFileReference; fileEncoding = 4; lastKnownFileType = file.xib; path = CropController.xib; sourceTree = "<group>"; };
		7550F9CF16D6EB0200DFC764 /* CropView.h */ = {isa = PBXFileReference; fileEncoding = 4; lastKnownFileType = sourcecode.c.h; path = CropView.h; sourceTree = "<group>"; };
		7550F9D016D6EB0200DFC764 /* CropView.m */ = {isa = PBXFileReference; fileEncoding = 4; lastKnownFileType = sourcecode.c.objc; path = CropView.m; sourceTree = "<group>"; };
		7550F9D216D6F05300DFC764 /* two.jpg */ = {isa = PBXFileReference; lastKnownFileType = image.jpeg; path = two.jpg; sourceTree = "<group>"; };
		755F423D16D9455300B38099 /* QuartzCore.framework */ = {isa = PBXFileReference; lastKnownFileType = wrapper.framework; name = QuartzCore.framework; path = System/Library/Frameworks/QuartzCore.framework; sourceTree = SDKROOT; };
		755F423F16D9693400B38099 /* plus.png */ = {isa = PBXFileReference; lastKnownFileType = image.png; path = plus.png; sourceTree = "<group>"; };
		7566D22E16DAD82400A0516B /* kz.png */ = {isa = PBXFileReference; lastKnownFileType = image.png; path = kz.png; sourceTree = "<group>"; };
		7569B2AA16D6C814001B072E /* MCCustomPaintings.app */ = {isa = PBXFileReference; explicitFileType = wrapper.application; includeInIndex = 0; path = MCCustomPaintings.app; sourceTree = BUILT_PRODUCTS_DIR; };
		7569B2AD16D6C814001B072E /* Cocoa.framework */ = {isa = PBXFileReference; lastKnownFileType = wrapper.framework; name = Cocoa.framework; path = System/Library/Frameworks/Cocoa.framework; sourceTree = SDKROOT; };
		7569B2B016D6C814001B072E /* AppKit.framework */ = {isa = PBXFileReference; lastKnownFileType = wrapper.framework; name = AppKit.framework; path = System/Library/Frameworks/AppKit.framework; sourceTree = SDKROOT; };
		7569B2B116D6C814001B072E /* CoreData.framework */ = {isa = PBXFileReference; lastKnownFileType = wrapper.framework; name = CoreData.framework; path = System/Library/Frameworks/CoreData.framework; sourceTree = SDKROOT; };
		7569B2B216D6C814001B072E /* Foundation.framework */ = {isa = PBXFileReference; lastKnownFileType = wrapper.framework; name = Foundation.framework; path = System/Library/Frameworks/Foundation.framework; sourceTree = SDKROOT; };
		7569B2B516D6C814001B072E /* MCCustomPaintings-Info.plist */ = {isa = PBXFileReference; lastKnownFileType = text.plist.xml; path = "MCCustomPaintings-Info.plist"; sourceTree = "<group>"; };
		7569B2B716D6C814001B072E /* en */ = {isa = PBXFileReference; lastKnownFileType = text.plist.strings; name = en; path = en.lproj/InfoPlist.strings; sourceTree = "<group>"; };
		7569B2B916D6C814001B072E /* main.m */ = {isa = PBXFileReference; lastKnownFileType = sourcecode.c.objc; path = main.m; sourceTree = "<group>"; };
		7569B2BB16D6C814001B072E /* MCCustomPaintings-Prefix.pch */ = {isa = PBXFileReference; lastKnownFileType = sourcecode.c.h; path = "MCCustomPaintings-Prefix.pch"; sourceTree = "<group>"; };
		7569B2BD16D6C814001B072E /* en */ = {isa = PBXFileReference; lastKnownFileType = text.rtf; name = en; path = en.lproj/Credits.rtf; sourceTree = "<group>"; };
		7569B2BF16D6C814001B072E /* AppDelegate.h */ = {isa = PBXFileReference; lastKnownFileType = sourcecode.c.h; path = AppDelegate.h; sourceTree = "<group>"; };
		7569B2C016D6C814001B072E /* AppDelegate.m */ = {isa = PBXFileReference; lastKnownFileType = sourcecode.c.objc; path = AppDelegate.m; sourceTree = "<group>"; };
		7569B2C316D6C814001B072E /* en */ = {isa = PBXFileReference; lastKnownFileType = file.xib; name = en; path = en.lproj/MainMenu.xib; sourceTree = "<group>"; };
/* End PBXFileReference section */

/* Begin PBXFrameworksBuildPhase section */
		7569B2A716D6C813001B072E /* Frameworks */ = {
			isa = PBXFrameworksBuildPhase;
			buildActionMask = 2147483647;
			files = (
				755F423E16D9455300B38099 /* QuartzCore.framework in Frameworks */,
				7569B2AE16D6C814001B072E /* Cocoa.framework in Frameworks */,
			);
			runOnlyForDeploymentPostprocessing = 0;
		};
/* End PBXFrameworksBuildPhase section */

/* Begin PBXGroup section */
		7569B2A116D6C813001B072E = {
			isa = PBXGroup;
			children = (
				7569B2B316D6C814001B072E /* MCCustomPaintings */,
				7569B2AC16D6C814001B072E /* Frameworks */,
				7569B2AB16D6C814001B072E /* Products */,
			);
			sourceTree = "<group>";
		};
		7569B2AB16D6C814001B072E /* Products */ = {
			isa = PBXGroup;
			children = (
				7569B2AA16D6C814001B072E /* MCCustomPaintings.app */,
			);
			name = Products;
			sourceTree = "<group>";
		};
		7569B2AC16D6C814001B072E /* Frameworks */ = {
			isa = PBXGroup;
			children = (
				755F423D16D9455300B38099 /* QuartzCore.framework */,
				7569B2AD16D6C814001B072E /* Cocoa.framework */,
				7569B2AF16D6C814001B072E /* Other Frameworks */,
			);
			name = Frameworks;
			sourceTree = "<group>";
		};
		7569B2AF16D6C814001B072E /* Other Frameworks */ = {
			isa = PBXGroup;
			children = (
				7569B2B016D6C814001B072E /* AppKit.framework */,
				7569B2B116D6C814001B072E /* CoreData.framework */,
				7569B2B216D6C814001B072E /* Foundation.framework */,
			);
			name = "Other Frameworks";
			sourceTree = "<group>";
		};
		7569B2B316D6C814001B072E /* MCCustomPaintings */ = {
			isa = PBXGroup;
			children = (
				75E9309416DB3803004FB336 /* Controllers */,
				75E9309116DB37A7004FB336 /* Model */,
				75E9309316DB37EB004FB336 /* Views */,
				75E9309216DB37CE004FB336 /* Nibs */,
				75E9309016DB3794004FB336 /* Resources */,
				7569B2B416D6C814001B072E /* Supporting Files */,
			);
			path = MCCustomPaintings;
			sourceTree = "<group>";
		};
		7569B2B416D6C814001B072E /* Supporting Files */ = {
			isa = PBXGroup;
			children = (
				7569B2B516D6C814001B072E /* MCCustomPaintings-Info.plist */,
				7569B2B616D6C814001B072E /* InfoPlist.strings */,
				7569B2B916D6C814001B072E /* main.m */,
				7569B2BB16D6C814001B072E /* MCCustomPaintings-Prefix.pch */,
				7569B2BC16D6C814001B072E /* Credits.rtf */,
			);
			name = "Supporting Files";
			sourceTree = "<group>";
		};
		75E9309016DB3794004FB336 /* Resources */ = {
			isa = PBXGroup;
			children = (
				7566D22E16DAD82400A0516B /* kz.png */,
				755F423F16D9693400B38099 /* plus.png */,
				7550F9D216D6F05300DFC764 /* two.jpg */,
			);
			name = Resources;
			sourceTree = "<group>";
		};
		75E9309116DB37A7004FB336 /* Model */ = {
			isa = PBXGroup;
			children = (
				754F522A16DA922C00902FAF /* PaintingsController.h */,
				754F522B16DA922C00902FAF /* PaintingsController.m */,
				754F522D16DA923800902FAF /* Painting.h */,
				754F522E16DA923800902FAF /* Painting.m */,
			);
			name = Model;
			sourceTree = "<group>";
		};
		75E9309216DB37CE004FB336 /* Nibs */ = {
			isa = PBXGroup;
			children = (
				7569B2C216D6C814001B072E /* MainMenu.xib */,
				754F523416DAC19400902FAF /* PaintingsWindowController.xib */,
				7550F9CC16D6EA7200DFC764 /* CropController.xib */,
			);
			name = Nibs;
			sourceTree = "<group>";
		};
		75E9309316DB37EB004FB336 /* Views */ = {
			isa = PBXGroup;
			children = (
				754F523716DAC42F00902FAF /* PaintingsView.h */,
				754F523816DAC42F00902FAF /* PaintingsView.m */,
				7550F9CF16D6EB0200DFC764 /* CropView.h */,
				7550F9D016D6EB0200DFC764 /* CropView.m */,
			);
			name = Views;
			sourceTree = "<group>";
		};
		75E9309416DB3803004FB336 /* Controllers */ = {
			isa = PBXGroup;
			children = (
				7569B2BF16D6C814001B072E /* AppDelegate.h */,
				7569B2C016D6C814001B072E /* AppDelegate.m */,
				754F523216DAC19400902FAF /* PaintingsWindowController.h */,
				754F523316DAC19400902FAF /* PaintingsWindowController.m */,
				7550F9CA16D6EA7200DFC764 /* CropController.h */,
				7550F9CB16D6EA7200DFC764 /* CropController.m */,
			);
			name = Controllers;
			sourceTree = "<group>";
		};
/* End PBXGroup section */

/* Begin PBXNativeTarget section */
		7569B2A916D6C813001B072E /* MCCustomPaintings */ = {
			isa = PBXNativeTarget;
			buildConfigurationList = 7569B2C716D6C814001B072E /* Build configuration list for PBXNativeTarget "MCCustomPaintings" */;
			buildPhases = (
				7569B2A616D6C813001B072E /* Sources */,
				7569B2A716D6C813001B072E /* Frameworks */,
				7569B2A816D6C813001B072E /* Resources */,
			);
			buildRules = (
			);
			dependencies = (
			);
			name = MCCustomPaintings;
			productName = MCCustomPaintings;
			productReference = 7569B2AA16D6C814001B072E /* MCCustomPaintings.app */;
			productType = "com.apple.product-type.application";
		};
/* End PBXNativeTarget section */

/* Begin PBXProject section */
		7569B2A216D6C813001B072E /* Project object */ = {
			isa = PBXProject;
			attributes = {
				LastUpgradeCheck = 0460;
				ORGANIZATIONNAME = "Claybrook Software, LLC";
			};
			buildConfigurationList = 7569B2A516D6C813001B072E /* Build configuration list for PBXProject "MCCustomPaintings" */;
			compatibilityVersion = "Xcode 3.2";
			developmentRegion = English;
			hasScannedForEncodings = 0;
			knownRegions = (
				en,
			);
			mainGroup = 7569B2A116D6C813001B072E;
			productRefGroup = 7569B2AB16D6C814001B072E /* Products */;
			projectDirPath = "";
			projectRoot = "";
			targets = (
				7569B2A916D6C813001B072E /* MCCustomPaintings */,
			);
		};
/* End PBXProject section */

/* Begin PBXResourcesBuildPhase section */
		7569B2A816D6C813001B072E /* Resources */ = {
			isa = PBXResourcesBuildPhase;
			buildActionMask = 2147483647;
			files = (
				7569B2B816D6C814001B072E /* InfoPlist.strings in Resources */,
				7569B2BE16D6C814001B072E /* Credits.rtf in Resources */,
				7569B2C416D6C814001B072E /* MainMenu.xib in Resources */,
				7550F9CE16D6EA7200DFC764 /* CropController.xib in Resources */,
				7550F9D316D6F05300DFC764 /* two.jpg in Resources */,
				755F424016D9693400B38099 /* plus.png in Resources */,
				754F523616DAC19400902FAF /* PaintingsWindowController.xib in Resources */,
				7566D22F16DAD82400A0516B /* kz.png in Resources */,
			);
			runOnlyForDeploymentPostprocessing = 0;
		};
/* End PBXResourcesBuildPhase section */

/* Begin PBXSourcesBuildPhase section */
		7569B2A616D6C813001B072E /* Sources */ = {
			isa = PBXSourcesBuildPhase;
			buildActionMask = 2147483647;
			files = (
				7569B2BA16D6C814001B072E /* main.m in Sources */,
				7569B2C116D6C814001B072E /* AppDelegate.m in Sources */,
				7550F9CD16D6EA7200DFC764 /* CropController.m in Sources */,
				7550F9D116D6EB0200DFC764 /* CropView.m in Sources */,
				754F522C16DA922C00902FAF /* PaintingsController.m in Sources */,
				754F522F16DA923800902FAF /* Painting.m in Sources */,
				754F523516DAC19400902FAF /* PaintingsWindowController.m in Sources */,
				754F523916DAC42F00902FAF /* PaintingsView.m in Sources */,
			);
			runOnlyForDeploymentPostprocessing = 0;
		};
/* End PBXSourcesBuildPhase section */

/* Begin PBXVariantGroup section */
		7569B2B616D6C814001B072E /* InfoPlist.strings */ = {
			isa = PBXVariantGroup;
			children = (
				7569B2B716D6C814001B072E /* en */,
			);
			name = InfoPlist.strings;
			sourceTree = "<group>";
		};
		7569B2BC16D6C814001B072E /* Credits.rtf */ = {
			isa = PBXVariantGroup;
			children = (
				7569B2BD16D6C814001B072E /* en */,
			);
			name = Credits.rtf;
			sourceTree = "<group>";
		};
		7569B2C216D6C814001B072E /* MainMenu.xib */ = {
			isa = PBXVariantGroup;
			children = (
				7569B2C316D6C814001B072E /* en */,
			);
			name = MainMenu.xib;
			sourceTree = "<group>";
		};
/* End PBXVariantGroup section */

/* Begin XCBuildConfiguration section */
		7569B2C516D6C814001B072E /* Debug */ = {
			isa = XCBuildConfiguration;
			buildSettings = {
				ALWAYS_SEARCH_USER_PATHS = NO;
				ARCHS = "$(ARCHS_STANDARD_64_BIT)";
				CLANG_CXX_LANGUAGE_STANDARD = "gnu++0x";
				CLANG_CXX_LIBRARY = "libc++";
				CLANG_ENABLE_OBJC_ARC = YES;
				CLANG_WARN_CONSTANT_CONVERSION = YES;
				CLANG_WARN_EMPTY_BODY = YES;
				CLANG_WARN_ENUM_CONVERSION = YES;
				CLANG_WARN_INT_CONVERSION = YES;
				CLANG_WARN__DUPLICATE_METHOD_MATCH = YES;
				COPY_PHASE_STRIP = NO;
				GCC_C_LANGUAGE_STANDARD = gnu99;
				GCC_DYNAMIC_NO_PIC = NO;
				GCC_ENABLE_OBJC_EXCEPTIONS = YES;
				GCC_OPTIMIZATION_LEVEL = 0;
				GCC_PREPROCESSOR_DEFINITIONS = (
					"DEBUG=1",
					"$(inherited)",
				);
				GCC_SYMBOLS_PRIVATE_EXTERN = NO;
				GCC_WARN_64_TO_32_BIT_CONVERSION = YES;
				GCC_WARN_ABOUT_RETURN_TYPE = YES;
				GCC_WARN_UNINITIALIZED_AUTOS = YES;
				GCC_WARN_UNUSED_VARIABLE = YES;
				MACOSX_DEPLOYMENT_TARGET = 10.8;
				ONLY_ACTIVE_ARCH = YES;
				SDKROOT = macosx;
			};
			name = Debug;
		};
		7569B2C616D6C814001B072E /* Release */ = {
			isa = XCBuildConfiguration;
			buildSettings = {
				ALWAYS_SEARCH_USER_PATHS = NO;
				ARCHS = "$(ARCHS_STANDARD_64_BIT)";
				CLANG_CXX_LANGUAGE_STANDARD = "gnu++0x";
				CLANG_CXX_LIBRARY = "libc++";
				CLANG_ENABLE_OBJC_ARC = YES;
				CLANG_WARN_CONSTANT_CONVERSION = YES;
				CLANG_WARN_EMPTY_BODY = YES;
				CLANG_WARN_ENUM_CONVERSION = YES;
				CLANG_WARN_INT_CONVERSION = YES;
				CLANG_WARN__DUPLICATE_METHOD_MATCH = YES;
				COPY_PHASE_STRIP = YES;
				DEBUG_INFORMATION_FORMAT = "dwarf-with-dsym";
				GCC_C_LANGUAGE_STANDARD = gnu99;
				GCC_ENABLE_OBJC_EXCEPTIONS = YES;
				GCC_WARN_64_TO_32_BIT_CONVERSION = YES;
				GCC_WARN_ABOUT_RETURN_TYPE = YES;
				GCC_WARN_UNINITIALIZED_AUTOS = YES;
				GCC_WARN_UNUSED_VARIABLE = YES;
				MACOSX_DEPLOYMENT_TARGET = 10.8;
				SDKROOT = macosx;
			};
			name = Release;
		};
		7569B2C816D6C814001B072E /* Debug */ = {
			isa = XCBuildConfiguration;
			buildSettings = {
				COMBINE_HIDPI_IMAGES = YES;
				GCC_PRECOMPILE_PREFIX_HEADER = YES;
				GCC_PREFIX_HEADER = "MCCustomPaintings/MCCustomPaintings-Prefix.pch";
				INFOPLIST_FILE = "MCCustomPaintings/MCCustomPaintings-Info.plist";
				PRODUCT_NAME = "$(TARGET_NAME)";
				WRAPPER_EXTENSION = app;
			};
			name = Debug;
		};
		7569B2C916D6C814001B072E /* Release */ = {
			isa = XCBuildConfiguration;
			buildSettings = {
				COMBINE_HIDPI_IMAGES = YES;
				GCC_PRECOMPILE_PREFIX_HEADER = YES;
				GCC_PREFIX_HEADER = "MCCustomPaintings/MCCustomPaintings-Prefix.pch";
				INFOPLIST_FILE = "MCCustomPaintings/MCCustomPaintings-Info.plist";
				PRODUCT_NAME = "$(TARGET_NAME)";
				WRAPPER_EXTENSION = app;
			};
			name = Release;
		};
/* End XCBuildConfiguration section */

/* Begin XCConfigurationList section */
		7569B2A516D6C813001B072E /* Build configuration list for PBXProject "MCCustomPaintings" */ = {
			isa = XCConfigurationList;
			buildConfigurations = (
				7569B2C516D6C814001B072E /* Debug */,
				7569B2C616D6C814001B072E /* Release */,
			);
			defaultConfigurationIsVisible = 0;
			defaultConfigurationName = Release;
		};
		7569B2C716D6C814001B072E /* Build configuration list for PBXNativeTarget "MCCustomPaintings" */ = {
			isa = XCConfigurationList;
			buildConfigurations = (
				7569B2C816D6C814001B072E /* Debug */,
				7569B2C916D6C814001B072E /* Release */,
			);
			defaultConfigurationIsVisible = 0;
			defaultConfigurationName = Release;
		};
/* End XCConfigurationList section */
	};
	rootObject = 7569B2A216D6C813001B072E /* Project object */;
}
